// !$*UTF8*$!
{
	archiveVersion = 1;
	classes = {
	};
	objectVersion = 46;
	objects = {

/* Begin PBXBuildFile section */
		7FB7D4E818EF110D0032988C /* AVFoundation.framework in Frameworks */ = {isa = PBXBuildFile; fileRef = 7FB7D4E718EF110D0032988C /* AVFoundation.framework */; };
		7FE1678617F5724200CD3248 /* YandexSpeechKit.bundle in Resources */ = {isa = PBXBuildFile; fileRef = 7FE1678517F5724200CD3248 /* YandexSpeechKit.bundle */; };
		8D017ADE17F07B7E00CD1A16 /* CoreLocation.framework in Frameworks */ = {isa = PBXBuildFile; fileRef = 8D017ADD17F07B7E00CD1A16 /* CoreLocation.framework */; };
		8D017AE017F07B8700CD1A16 /* SystemConfiguration.framework in Frameworks */ = {isa = PBXBuildFile; fileRef = 8D017ADF17F07B8700CD1A16 /* SystemConfiguration.framework */; };
		8D0D509017C271F200C1BD04 /* libc++.dylib in Frameworks */ = {isa = PBXBuildFile; fileRef = 8D0D508F17C271F200C1BD04 /* libc++.dylib */; };
		8D0D509217C2720700C1BD04 /* libz.dylib in Frameworks */ = {isa = PBXBuildFile; fileRef = 8D0D509117C2720700C1BD04 /* libz.dylib */; };
		8D30C97F179C044100DB70BD /* QuartzCore.framework in Frameworks */ = {isa = PBXBuildFile; fileRef = 8D30C97E179C044100DB70BD /* QuartzCore.framework */; };
		8D4B03F1179807AC004A143A /* YSKSViewController.m in Sources */ = {isa = PBXBuildFile; fileRef = 8D4B03EA179807AC004A143A /* YSKSViewController.m */; };
		8D4B03F2179807AC004A143A /* InfoPlist.strings in Resources */ = {isa = PBXBuildFile; fileRef = 8D4B03ED179807AC004A143A /* InfoPlist.strings */; };
		8D546B1A17BE160D00486CA5 /* YSKSViewController.xib in Resources */ = {isa = PBXBuildFile; fileRef = 8D546B1817BE160D00486CA5 /* YSKSViewController.xib */; };
		8D6F21971798062000436538 /* UIKit.framework in Frameworks */ = {isa = PBXBuildFile; fileRef = 8D6F21961798062000436538 /* UIKit.framework */; };
		8D6F21991798062000436538 /* Foundation.framework in Frameworks */ = {isa = PBXBuildFile; fileRef = 8D6F21981798062000436538 /* Foundation.framework */; };
		8D6F219B1798062000436538 /* CoreGraphics.framework in Frameworks */ = {isa = PBXBuildFile; fileRef = 8D6F219A1798062000436538 /* CoreGraphics.framework */; };
		8D6F21A11798062000436538 /* InfoPlist.strings in Resources */ = {isa = PBXBuildFile; fileRef = 8D6F219F1798062000436538 /* InfoPlist.strings */; };
		8D6F21A31798062000436538 /* main.m in Sources */ = {isa = PBXBuildFile; fileRef = 8D6F21A21798062000436538 /* main.m */; };
		8D6F21A71798062000436538 /* YSKSAppDelegate.m in Sources */ = {isa = PBXBuildFile; fileRef = 8D6F21A61798062000436538 /* YSKSAppDelegate.m */; };
		8D6F21A91798062000436538 /* Default.png in Resources */ = {isa = PBXBuildFile; fileRef = 8D6F21A81798062000436538 /* Default.png */; };
		8D6F21AB1798062000436538 /* Default@2x.png in Resources */ = {isa = PBXBuildFile; fileRef = 8D6F21AA1798062000436538 /* Default@2x.png */; };
		8D6F21AD1798062000436538 /* Default-568h@2x.png in Resources */ = {isa = PBXBuildFile; fileRef = 8D6F21AC1798062000436538 /* Default-568h@2x.png */; };
		8DB567AC17C26821009F4A98 /* YandexSpeechKit.framework in Frameworks */ = {isa = PBXBuildFile; fileRef = 8DB567AB17C26820009F4A98 /* YandexSpeechKit.framework */; };
		8DB567AD17C26898009F4A98 /* AudioToolbox.framework in Frameworks */ = {isa = PBXBuildFile; fileRef = 8DB567A917C26548009F4A98 /* AudioToolbox.framework */; };
		8DB567AE17C26898009F4A98 /* CoreAudio.framework in Frameworks */ = {isa = PBXBuildFile; fileRef = 8DB567A717C264E4009F4A98 /* CoreAudio.framework */; };
/* End PBXBuildFile section */

/* Begin PBXFileReference section */
		7FB7D4E718EF110D0032988C /* AVFoundation.framework */ = {isa = PBXFileReference; lastKnownFileType = wrapper.framework; name = AVFoundation.framework; path = ../../../../../../../../System/Library/Frameworks/AVFoundation.framework; sourceTree = "<group>"; };
		7FE1678517F5724200CD3248 /* YandexSpeechKit.bundle */ = {isa = PBXFileReference; lastKnownFileType = "wrapper.plug-in"; name = YandexSpeechKit.bundle; path = ../../../YandexSpeechKit.framework/Versions/A/Resources/YandexSpeechKit.bundle; sourceTree = "<group>"; };
		8D017ADD17F07B7E00CD1A16 /* CoreLocation.framework */ = {isa = PBXFileReference; lastKnownFileType = wrapper.framework; name = CoreLocation.framework; path = System/Library/Frameworks/CoreLocation.framework; sourceTree = SDKROOT; };
		8D017ADF17F07B8700CD1A16 /* SystemConfiguration.framework */ = {isa = PBXFileReference; lastKnownFileType = wrapper.framework; name = SystemConfiguration.framework; path = System/Library/Frameworks/SystemConfiguration.framework; sourceTree = SDKROOT; };
		8D0D508F17C271F200C1BD04 /* libc++.dylib */ = {isa = PBXFileReference; lastKnownFileType = "compiled.mach-o.dylib"; name = "libc++.dylib"; path = "usr/lib/libc++.dylib"; sourceTree = SDKROOT; };
		8D0D509117C2720700C1BD04 /* libz.dylib */ = {isa = PBXFileReference; lastKnownFileType = "compiled.mach-o.dylib"; name = libz.dylib; path = usr/lib/libz.dylib; sourceTree = SDKROOT; };
		8D30C97E179C044100DB70BD /* QuartzCore.framework */ = {isa = PBXFileReference; lastKnownFileType = wrapper.framework; name = QuartzCore.framework; path = System/Library/Frameworks/QuartzCore.framework; sourceTree = SDKROOT; };
		8D4B03EA179807AC004A143A /* YSKSViewController.m */ = {isa = PBXFileReference; fileEncoding = 4; lastKnownFileType = sourcecode.c.objc; path = YSKSViewController.m; sourceTree = "<group>"; };
		8D4B03EB179807AC004A143A /* YSKSViewController.h */ = {isa = PBXFileReference; fileEncoding = 4; lastKnownFileType = sourcecode.c.h; path = YSKSViewController.h; sourceTree = "<group>"; };
		8D4B03EE179807AC004A143A /* en */ = {isa = PBXFileReference; lastKnownFileType = text.plist.strings; name = en; path = InfoPlist.strings; sourceTree = "<group>"; };
		8D546B1917BE160D00486CA5 /* en */ = {isa = PBXFileReference; lastKnownFileType = file.xib; name = en; path = YSKSViewController.xib; sourceTree = "<group>"; };
		8D6F21931798062000436538 /* SpeechKitGUISample.app */ = {isa = PBXFileReference; explicitFileType = wrapper.application; includeInIndex = 0; path = SpeechKitGUISample.app; sourceTree = BUILT_PRODUCTS_DIR; };
		8D6F21961798062000436538 /* UIKit.framework */ = {isa = PBXFileReference; lastKnownFileType = wrapper.framework; name = UIKit.framework; path = System/Library/Frameworks/UIKit.framework; sourceTree = SDKROOT; };
		8D6F21981798062000436538 /* Foundation.framework */ = {isa = PBXFileReference; lastKnownFileType = wrapper.framework; name = Foundation.framework; path = System/Library/Frameworks/Foundation.framework; sourceTree = SDKROOT; };
		8D6F219A1798062000436538 /* CoreGraphics.framework */ = {isa = PBXFileReference; lastKnownFileType = wrapper.framework; name = CoreGraphics.framework; path = System/Library/Frameworks/CoreGraphics.framework; sourceTree = SDKROOT; };
		8D6F219E1798062000436538 /* SpeechKitGUISample-Info.plist */ = {isa = PBXFileReference; lastKnownFileType = text.plist.xml; path = "SpeechKitGUISample-Info.plist"; sourceTree = "<group>"; };
		8D6F21A01798062000436538 /* en */ = {isa = PBXFileReference; lastKnownFileType = text.plist.strings; name = en; path = en.lproj/InfoPlist.strings; sourceTree = "<group>"; };
		8D6F21A21798062000436538 /* main.m */ = {isa = PBXFileReference; lastKnownFileType = sourcecode.c.objc; path = main.m; sourceTree = "<group>"; };
		8D6F21A41798062000436538 /* SpeechKitGUISample-Prefix.pch */ = {isa = PBXFileReference; lastKnownFileType = sourcecode.c.h; path = "SpeechKitGUISample-Prefix.pch"; sourceTree = "<group>"; };
		8D6F21A51798062000436538 /* YSKSAppDelegate.h */ = {isa = PBXFileReference; lastKnownFileType = sourcecode.c.h; path = YSKSAppDelegate.h; sourceTree = "<group>"; };
		8D6F21A61798062000436538 /* YSKSAppDelegate.m */ = {isa = PBXFileReference; lastKnownFileType = sourcecode.c.objc; path = YSKSAppDelegate.m; sourceTree = "<group>"; };
		8D6F21A81798062000436538 /* Default.png */ = {isa = PBXFileReference; lastKnownFileType = image.png; path = Default.png; sourceTree = "<group>"; };
		8D6F21AA1798062000436538 /* Default@2x.png */ = {isa = PBXFileReference; lastKnownFileType = image.png; path = "Default@2x.png"; sourceTree = "<group>"; };
		8D6F21AC1798062000436538 /* Default-568h@2x.png */ = {isa = PBXFileReference; lastKnownFileType = image.png; path = "Default-568h@2x.png"; sourceTree = "<group>"; };
		8DB567A717C264E4009F4A98 /* CoreAudio.framework */ = {isa = PBXFileReference; lastKnownFileType = wrapper.framework; name = CoreAudio.framework; path = System/Library/Frameworks/CoreAudio.framework; sourceTree = SDKROOT; };
		8DB567A917C26548009F4A98 /* AudioToolbox.framework */ = {isa = PBXFileReference; lastKnownFileType = wrapper.framework; name = AudioToolbox.framework; path = System/Library/Frameworks/AudioToolbox.framework; sourceTree = SDKROOT; };
		8DB567AB17C26820009F4A98 /* YandexSpeechKit.framework */ = {isa = PBXFileReference; lastKnownFileType = wrapper.framework; name = YandexSpeechKit.framework; path = ../../YandexSpeechKit.framework; sourceTree = "<group>"; };
/* End PBXFileReference section */

/* Begin PBXFrameworksBuildPhase section */
		8D6F21901798062000436538 /* Frameworks */ = {
			isa = PBXFrameworksBuildPhase;
			buildActionMask = 2147483647;
			files = (
				8D017AE017F07B8700CD1A16 /* SystemConfiguration.framework in Frameworks */,
				8D017ADE17F07B7E00CD1A16 /* CoreLocation.framework in Frameworks */,
				8D0D509217C2720700C1BD04 /* libz.dylib in Frameworks */,
				8D0D509017C271F200C1BD04 /* libc++.dylib in Frameworks */,
				8DB567AD17C26898009F4A98 /* AudioToolbox.framework in Frameworks */,
				8DB567AE17C26898009F4A98 /* CoreAudio.framework in Frameworks */,
				8D30C97F179C044100DB70BD /* QuartzCore.framework in Frameworks */,
				8D6F21971798062000436538 /* UIKit.framework in Frameworks */,
				7FB7D4E818EF110D0032988C /* AVFoundation.framework in Frameworks */,
				8D6F21991798062000436538 /* Foundation.framework in Frameworks */,
				8D6F219B1798062000436538 /* CoreGraphics.framework in Frameworks */,
				8DB567AC17C26821009F4A98 /* YandexSpeechKit.framework in Frameworks */,
			);
			runOnlyForDeploymentPostprocessing = 0;
		};
/* End PBXFrameworksBuildPhase section */

/* Begin PBXGroup section */
		8D4B03EC179807AC004A143A /* en.lproj */ = {
			isa = PBXGroup;
			children = (
				8D546B1817BE160D00486CA5 /* YSKSViewController.xib */,
				8D4B03ED179807AC004A143A /* InfoPlist.strings */,
			);
			path = en.lproj;
			sourceTree = "<group>";
		};
		8D6F218A1798062000436538 = {
			isa = PBXGroup;
			children = (
				8D0D509117C2720700C1BD04 /* libz.dylib */,
				8D0D508F17C271F200C1BD04 /* libc++.dylib */,
				8D6F219C1798062000436538 /* SpeechKitGUISample */,
				8D6F21951798062000436538 /* Frameworks */,
				8D6F21941798062000436538 /* Products */,
			);
			sourceTree = "<group>";
		};
		8D6F21941798062000436538 /* Products */ = {
			isa = PBXGroup;
			children = (
				8D6F21931798062000436538 /* SpeechKitGUISample.app */,
			);
			name = Products;
			sourceTree = "<group>";
		};
		8D6F21951798062000436538 /* Frameworks */ = {
			isa = PBXGroup;
			children = (
				7FB7D4E718EF110D0032988C /* AVFoundation.framework */,
				8D017ADF17F07B8700CD1A16 /* SystemConfiguration.framework */,
				8D017ADD17F07B7E00CD1A16 /* CoreLocation.framework */,
				8DB567A917C26548009F4A98 /* AudioToolbox.framework */,
				8DB567A717C264E4009F4A98 /* CoreAudio.framework */,
				8DB567AB17C26820009F4A98 /* YandexSpeechKit.framework */,
				8D30C97E179C044100DB70BD /* QuartzCore.framework */,
				8D6F21961798062000436538 /* UIKit.framework */,
				8D6F21981798062000436538 /* Foundation.framework */,
				8D6F219A1798062000436538 /* CoreGraphics.framework */,
			);
			name = Frameworks;
			sourceTree = "<group>";
		};
		8D6F219C1798062000436538 /* SpeechKitGUISample */ = {
			isa = PBXGroup;
			children = (
				7FE1678517F5724200CD3248 /* YandexSpeechKit.bundle */,
				8D4B03EA179807AC004A143A /* YSKSViewController.m */,
				8D4B03EB179807AC004A143A /* YSKSViewController.h */,
				8D6F21A51798062000436538 /* YSKSAppDelegate.h */,
				8D6F21A61798062000436538 /* YSKSAppDelegate.m */,
				8D4B03EC179807AC004A143A /* en.lproj */,
				8D6F219D1798062000436538 /* Supporting Files */,
			);
			path = SpeechKitGUISample;
			sourceTree = "<group>";
		};
		8D6F219D1798062000436538 /* Supporting Files */ = {
			isa = PBXGroup;
			children = (
				8D6F219E1798062000436538 /* SpeechKitGUISample-Info.plist */,
				8D6F219F1798062000436538 /* InfoPlist.strings */,
				8D6F21A21798062000436538 /* main.m */,
				8D6F21A41798062000436538 /* SpeechKitGUISample-Prefix.pch */,
				8D6F21A81798062000436538 /* Default.png */,
				8D6F21AA1798062000436538 /* Default@2x.png */,
				8D6F21AC1798062000436538 /* Default-568h@2x.png */,
			);
			name = "Supporting Files";
			sourceTree = "<group>";
		};
/* End PBXGroup section */

/* Begin PBXNativeTarget section */
		8D6F21921798062000436538 /* SpeechKitGUISample */ = {
			isa = PBXNativeTarget;
			buildConfigurationList = 8D6F21B01798062000436538 /* Build configuration list for PBXNativeTarget "SpeechKitGUISample" */;
			buildPhases = (
				8D6F218F1798062000436538 /* Sources */,
				8D6F21901798062000436538 /* Frameworks */,
				8D6F21911798062000436538 /* Resources */,
			);
			buildRules = (
			);
			dependencies = (
			);
			name = SpeechKitGUISample;
			productName = SpeechKitGUISample;
			productReference = 8D6F21931798062000436538 /* SpeechKitGUISample.app */;
			productType = "com.apple.product-type.application";
		};
/* End PBXNativeTarget section */

/* Begin PBXProject section */
		8D6F218B1798062000436538 /* Project object */ = {
			isa = PBXProject;
			attributes = {
				CLASSPREFIX = YSKS;
				LastUpgradeCheck = 0460;
				ORGANIZATIONNAME = "Sergey Zimin";
			};
			buildConfigurationList = 8D6F218E1798062000436538 /* Build configuration list for PBXProject "SpeechKitGUISample" */;
			compatibilityVersion = "Xcode 3.2";
			developmentRegion = English;
			hasScannedForEncodings = 0;
			knownRegions = (
				en,
			);
			mainGroup = 8D6F218A1798062000436538;
			productRefGroup = 8D6F21941798062000436538 /* Products */;
			projectDirPath = "";
			projectRoot = "";
			targets = (
				8D6F21921798062000436538 /* SpeechKitGUISample */,
			);
		};
/* End PBXProject section */

/* Begin PBXResourcesBuildPhase section */
		8D6F21911798062000436538 /* Resources */ = {
			isa = PBXResourcesBuildPhase;
			buildActionMask = 2147483647;
			files = (
				8D6F21A11798062000436538 /* InfoPlist.strings in Resources */,
				8D6F21A91798062000436538 /* Default.png in Resources */,
				8D6F21AB1798062000436538 /* Default@2x.png in Resources */,
				7FE1678617F5724200CD3248 /* YandexSpeechKit.bundle in Resources */,
				8D6F21AD1798062000436538 /* Default-568h@2x.png in Resources */,
				8D4B03F2179807AC004A143A /* InfoPlist.strings in Resources */,
				8D546B1A17BE160D00486CA5 /* YSKSViewController.xib in Resources */,
			);
			runOnlyForDeploymentPostprocessing = 0;
		};
/* End PBXResourcesBuildPhase section */

/* Begin PBXSourcesBuildPhase section */
		8D6F218F1798062000436538 /* Sources */ = {
			isa = PBXSourcesBuildPhase;
			buildActionMask = 2147483647;
			files = (
				8D6F21A31798062000436538 /* main.m in Sources */,
				8D6F21A71798062000436538 /* YSKSAppDelegate.m in Sources */,
				8D4B03F1179807AC004A143A /* YSKSViewController.m in Sources */,
			);
			runOnlyForDeploymentPostprocessing = 0;
		};
/* End PBXSourcesBuildPhase section */

/* Begin PBXVariantGroup section */
		8D4B03ED179807AC004A143A /* InfoPlist.strings */ = {
			isa = PBXVariantGroup;
			children = (
				8D4B03EE179807AC004A143A /* en */,
			);
			name = InfoPlist.strings;
			sourceTree = "<group>";
		};
		8D546B1817BE160D00486CA5 /* YSKSViewController.xib */ = {
			isa = PBXVariantGroup;
			children = (
				8D546B1917BE160D00486CA5 /* en */,
			);
			name = YSKSViewController.xib;
			sourceTree = "<group>";
		};
		8D6F219F1798062000436538 /* InfoPlist.strings */ = {
			isa = PBXVariantGroup;
			children = (
				8D6F21A01798062000436538 /* en */,
			);
			name = InfoPlist.strings;
			sourceTree = "<group>";
		};
/* End PBXVariantGroup section */

/* Begin XCBuildConfiguration section */
		8D6F21AE1798062000436538 /* Debug */ = {
			isa = XCBuildConfiguration;
			buildSettings = {
				ALWAYS_SEARCH_USER_PATHS = NO;
				CLANG_CXX_LANGUAGE_STANDARD = "gnu++0x";
				CLANG_CXX_LIBRARY = "libc++";
				CLANG_WARN_CONSTANT_CONVERSION = YES;
				CLANG_WARN_EMPTY_BODY = YES;
				CLANG_WARN_ENUM_CONVERSION = YES;
				CLANG_WARN_INT_CONVERSION = YES;
				CLANG_WARN__DUPLICATE_METHOD_MATCH = YES;
				"CODE_SIGN_IDENTITY[sdk=iphoneos*]" = "iPhone Developer";
				COPY_PHASE_STRIP = NO;
				GCC_C_LANGUAGE_STANDARD = gnu99;
				GCC_DYNAMIC_NO_PIC = NO;
				GCC_OPTIMIZATION_LEVEL = 0;
				GCC_PREPROCESSOR_DEFINITIONS = (
					"DEBUG=1",
					"$(inherited)",
				);
				GCC_SYMBOLS_PRIVATE_EXTERN = NO;
				GCC_WARN_ABOUT_RETURN_TYPE = YES;
				GCC_WARN_UNINITIALIZED_AUTOS = YES;
				GCC_WARN_UNUSED_VARIABLE = YES;
				IPHONEOS_DEPLOYMENT_TARGET = 6.1;
				ONLY_ACTIVE_ARCH = YES;
				SDKROOT = iphoneos;
			};
			name = Debug;
		};
		8D6F21AF1798062000436538 /* Release */ = {
			isa = XCBuildConfiguration;
			buildSettings = {
				ALWAYS_SEARCH_USER_PATHS = NO;
				CLANG_CXX_LANGUAGE_STANDARD = "gnu++0x";
				CLANG_CXX_LIBRARY = "libc++";
				CLANG_WARN_CONSTANT_CONVERSION = YES;
				CLANG_WARN_EMPTY_BODY = YES;
				CLANG_WARN_ENUM_CONVERSION = YES;
				CLANG_WARN_INT_CONVERSION = YES;
				CLANG_WARN__DUPLICATE_METHOD_MATCH = YES;
				"CODE_SIGN_IDENTITY[sdk=iphoneos*]" = "iPhone Developer";
				COPY_PHASE_STRIP = YES;
				GCC_C_LANGUAGE_STANDARD = gnu99;
				GCC_WARN_ABOUT_RETURN_TYPE = YES;
				GCC_WARN_UNINITIALIZED_AUTOS = YES;
				GCC_WARN_UNUSED_VARIABLE = YES;
				IPHONEOS_DEPLOYMENT_TARGET = 6.1;
				OTHER_CFLAGS = "-DNS_BLOCK_ASSERTIONS=1";
				SDKROOT = iphoneos;
				VALIDATE_PRODUCT = YES;
			};
			name = Release;
		};
		8D6F21B11798062000436538 /* Debug */ = {
			isa = XCBuildConfiguration;
			buildSettings = {
				CLANG_ENABLE_OBJC_ARC = YES;
				FRAMEWORK_SEARCH_PATHS = (
					"$(inherited)",
					"\"$(SRCROOT)/../..\"",
					
				);
				GCC_PRECOMPILE_PREFIX_HEADER = YES;
				GCC_PREFIX_HEADER = "SpeechKitGUISample/SpeechKitGUISample-Prefix.pch";
				INFOPLIST_FILE = "SpeechKitGUISample/SpeechKitGUISample-Info.plist";
				IPHONEOS_DEPLOYMENT_TARGET = 6.1;
				LIBRARY_SEARCH_PATHS = (
					"$(inherited)",
					"\"$(SRCROOT)/../../YandexSpeechKit.framework/Versions/A\"",
				);
				OTHER_LDFLAGS = "-ObjC";
				PRODUCT_NAME = "$(TARGET_NAME)";
				TARGETED_DEVICE_FAMILY = "1,2";
				WRAPPER_EXTENSION = app;
			};
			name = Debug;
		};
		8D6F21B21798062000436538 /* Release */ = {
			isa = XCBuildConfiguration;
			buildSettings = {
				CLANG_ENABLE_OBJC_ARC = YES;
				FRAMEWORK_SEARCH_PATHS = (
					"$(inherited)",
					"\"$(SRCROOT)/../..\"",
					
				);
				GCC_PRECOMPILE_PREFIX_HEADER = YES;
				GCC_PREFIX_HEADER = "SpeechKitGUISample/SpeechKitGUISample-Prefix.pch";
				INFOPLIST_FILE = "SpeechKitGUISample/SpeechKitGUISample-Info.plist";
				IPHONEOS_DEPLOYMENT_TARGET = 6.1;
				LIBRARY_SEARCH_PATHS = (
					"$(inherited)",
					"\"$(SRCROOT)/../../YandexSpeechKit.framework/Versions/A\"",
				);
				OTHER_LDFLAGS = "-ObjC";
				PRODUCT_NAME = "$(TARGET_NAME)";
				TARGETED_DEVICE_FAMILY = "1,2";
				WRAPPER_EXTENSION = app;
			};
			name = Release;
		};
/* End XCBuildConfiguration section */

/* Begin XCConfigurationList section */
		8D6F218E1798062000436538 /* Build configuration list for PBXProject "SpeechKitGUISample" */ = {
			isa = XCConfigurationList;
			buildConfigurations = (
				8D6F21AE1798062000436538 /* Debug */,
				8D6F21AF1798062000436538 /* Release */,
			);
			defaultConfigurationIsVisible = 0;
			defaultConfigurationName = Release;
		};
		8D6F21B01798062000436538 /* Build configuration list for PBXNativeTarget "SpeechKitGUISample" */ = {
			isa = XCConfigurationList;
			buildConfigurations = (
				8D6F21B11798062000436538 /* Debug */,
				8D6F21B21798062000436538 /* Release */,
			);
			defaultConfigurationIsVisible = 0;
			defaultConfigurationName = Release;
		};
/* End XCConfigurationList section */
	};
	rootObject = 8D6F218B1798062000436538 /* Project object */;
}
